{
    "name": "lemonui",
    "version": "0.1.0",
    "lockfileVersion": 2,
    "requires": true,
    "packages": {
        "": {
            "name": "lemonui",
            "version": "0.1.0",
            "license": "MIT",
            "dependencies": {
                "@citizenfx/client": "^2.0.5369-1"
            }
        },
        "node_modules/@citizenfx/client": {
            "version": "2.0.5369-1",
            "resolved": "https://registry.npmjs.org/@citizenfx/client/-/client-2.0.5369-1.tgz",
            "integrity": "sha512-HbrScDpNhpGJ1FW1AgHW7rLJBxc/xpSuG6vqdFajjjzme096Uo2bdrE3V2RXQE4mFd41akgKpjJtnHHHX/zb5g=="
        }
    },
    "dependencies": {
        "@citizenfx/client": {
            "version": "2.0.5369-1",
            "resolved": "https://registry.npmjs.org/@citizenfx/client/-/client-2.0.5369-1.tgz",
            "integrity": "sha512-HbrScDpNhpGJ1FW1AgHW7rLJBxc/xpSuG6vqdFajjjzme096Uo2bdrE3V2RXQE4mFd41akgKpjJtnHHHX/zb5g=="
        }
    }
}
