{
    "name": "lemonui",
    "version": "0.1.0",
    "lockfileVersion": 2,
    "requires": true,
    "packages": {
        "": {
            "name": "lemonui",
            "version": "0.1.0",
            "license": "MIT",
            "dependencies": {
                "typescript": "^4.6.2"
            },
            "devDependencies": {
                "@citizenfx/client": "^2.0.5610-1",
                "@types/ragemp-c": "github:CocaColaBear/types-ragemp-c#v2.0"
            }
        },
        "node_modules/@citizenfx/client": {
            "version": "2.0.5610-1",
            "resolved": "https://registry.npmjs.org/@citizenfx/client/-/client-2.0.5610-1.tgz",
            "integrity": "sha512-xoAqJuuKRIOq4P0ngkM9g4L5LUmHlRcBA+s9iUgAvTsz9gcR7QdhkbwgDUHldxJ1w4ob+w3zmA9eCmwNlZhmXw==",
            "dev": true
        },
        "node_modules/@types/ragemp-c": {
            "version": "2.1.0",
            "resolved": "git+ssh://git@github.com/CocaColaBear/types-ragemp-c.git#f78d979e94bfd0d806bc100024b3e96febb7cc75",
            "dev": true,
            "license": "MIT"
        },
        "node_modules/typescript": {
            "version": "4.6.2",
            "resolved": "https://registry.npmjs.org/typescript/-/typescript-4.6.2.tgz",
            "integrity": "sha512-HM/hFigTBHZhLXshn9sN37H085+hQGeJHJ/X7LpBWLID/fbc2acUMfU+lGD98X81sKP+pFa9f0DZmCwB9GnbAg==",
            "bin": {
                "tsc": "bin/tsc",
                "tsserver": "bin/tsserver"
            },
            "engines": {
                "node": ">=4.2.0"
            }
        }
    },
    "dependencies": {
        "@citizenfx/client": {
            "version": "2.0.5610-1",
            "resolved": "https://registry.npmjs.org/@citizenfx/client/-/client-2.0.5610-1.tgz",
            "integrity": "sha512-xoAqJuuKRIOq4P0ngkM9g4L5LUmHlRcBA+s9iUgAvTsz9gcR7QdhkbwgDUHldxJ1w4ob+w3zmA9eCmwNlZhmXw==",
            "dev": true
        },
        "@types/ragemp-c": {
            "version": "git+ssh://git@github.com/CocaColaBear/types-ragemp-c.git#f78d979e94bfd0d806bc100024b3e96febb7cc75",
            "dev": true,
            "from": "@types/ragemp-c@github:CocaColaBear/types-ragemp-c#v2.0"
        },
        "typescript": {
            "version": "4.6.2",
            "resolved": "https://registry.npmjs.org/typescript/-/typescript-4.6.2.tgz",
            "integrity": "sha512-HM/hFigTBHZhLXshn9sN37H085+hQGeJHJ/X7LpBWLID/fbc2acUMfU+lGD98X81sKP+pFa9f0DZmCwB9GnbAg=="
        }
    }
}
